
Microsoft Visual Studio Solution File, Format Version 12.00
# Visual Studio Version 17
VisualStudioVersion = 17.5.33502.453
MinimumVisualStudioVersion = 10.0.40219.1
Project("{FAE04EC0-301F-11D3-BF4B-00C04F79EFBC}") = "net_core", "net_core\net_core.csproj", "{98C7C2FA-A6B2-49DA-816E-CC13B4EAA26B}"
EndProject
Global
	GlobalSection(SolutionConfigurationPlatforms) = preSolution
		Debug|Any CPU = Debug|Any CPU
		Release|Any CPU = Release|Any CPU
	EndGlobalSection
	GlobalSection(ProjectConfigurationPlatforms) = postSolution
		{98C7C2FA-A6B2-49DA-816E-CC13B4EAA26B}.Debug|Any CPU.ActiveCfg = Debug|Any CPU
		{98C7C2FA-A6B2-49DA-816E-CC13B4EAA26B}.Debug|Any CPU.Build.0 = Debug|Any CPU
		{98C7C2FA-A6B2-49DA-816E-CC13B4EAA26B}.Release|Any CPU.ActiveCfg = Release|Any CPU
		{98C7C2FA-A6B2-49DA-816E-CC13B4EAA26B}.Release|Any CPU.Build.0 = Release|Any CPU
	EndGlobalSection
	GlobalSection(SolutionProperties) = preSolution
		HideSolutionNode = FALSE
	EndGlobalSection
	GlobalSection(ExtensibilityGlobals) = postSolution
		SolutionGuid = {722E061F-2A3E-4275-A48D-685AA4401334}
	EndGlobalSection
EndGlobal
